// !$*UTF8*$!
{
	archiveVersion = 1;
	classes = {
	};
	objectVersion = 46;
	objects = {

/* Begin PBXBuildFile section */
		671E94481AA5EFCA00697DBD /* ViewController.m in Sources */ = {isa = PBXBuildFile; fileRef = 671E94461AA5EFCA00697DBD /* ViewController.m */; };
		671E944B1AA5F5F500697DBD /* ReadViewController.m in Sources */ = {isa = PBXBuildFile; fileRef = 671E944A1AA5F5F500697DBD /* ReadViewController.m */; };
		675EAE8C1AA809FB00B13BD3 /* HPTouchImageView.m in Sources */ = {isa = PBXBuildFile; fileRef = 675EAE8B1AA809FB00B13BD3 /* HPTouchImageView.m */; };
		675EAE8F1AA80A0200B13BD3 /* DemoViewController.m in Sources */ = {isa = PBXBuildFile; fileRef = 675EAE8E1AA80A0200B13BD3 /* DemoViewController.m */; };
		6777D61E1AA69EFE009E78DD /* HPTabBarItem.m in Sources */ = {isa = PBXBuildFile; fileRef = 6777D6171AA69EFE009E78DD /* HPTabBarItem.m */; };
		6777D6201AA69EFE009E78DD /* HPTabBarChildController.m in Sources */ = {isa = PBXBuildFile; fileRef = 6777D61B1AA69EFE009E78DD /* HPTabBarChildController.m */; };
		6777D6211AA69EFE009E78DD /* HPTarBarController.m in Sources */ = {isa = PBXBuildFile; fileRef = 6777D61D1AA69EFE009E78DD /* HPTarBarController.m */; };
		6777D6241AA6A8BB009E78DD /* OfficeViewController.m in Sources */ = {isa = PBXBuildFile; fileRef = 6777D6231AA6A8BB009E78DD /* OfficeViewController.m */; };
		6777D63D1AA6A9D4009E78DD /* NSArray+ArrayKit.m in Sources */ = {isa = PBXBuildFile; fileRef = 6777D6281AA6A9D4009E78DD /* NSArray+ArrayKit.m */; };
		6777D63E1AA6A9D4009E78DD /* NSData+DataKit.m in Sources */ = {isa = PBXBuildFile; fileRef = 6777D62A1AA6A9D4009E78DD /* NSData+DataKit.m */; };
		6777D63F1AA6A9D4009E78DD /* NSDate+DateKit.m in Sources */ = {isa = PBXBuildFile; fileRef = 6777D62C1AA6A9D4009E78DD /* NSDate+DateKit.m */; };
		6777D6401AA6A9D4009E78DD /* NSDictionary+DictionaryKit.m in Sources */ = {isa = PBXBuildFile; fileRef = 6777D62E1AA6A9D4009E78DD /* NSDictionary+DictionaryKit.m */; };
		6777D6411AA6A9D4009E78DD /* NSString+NSHash.m in Sources */ = {isa = PBXBuildFile; fileRef = 6777D6301AA6A9D4009E78DD /* NSString+NSHash.m */; };
		6777D6421AA6A9D4009E78DD /* NSString+StringKit.m in Sources */ = {isa = PBXBuildFile; fileRef = 6777D6321AA6A9D4009E78DD /* NSString+StringKit.m */; };
		6777D6431AA6A9D4009E78DD /* UIImage+ImageKit.m in Sources */ = {isa = PBXBuildFile; fileRef = 6777D6341AA6A9D4009E78DD /* UIImage+ImageKit.m */; };
		6777D6441AA6A9D4009E78DD /* UIScreen+ScreenKit.m in Sources */ = {isa = PBXBuildFile; fileRef = 6777D6361AA6A9D4009E78DD /* UIScreen+ScreenKit.m */; };
		6777D6451AA6A9D4009E78DD /* UIScrollView+DXRefresh.m in Sources */ = {isa = PBXBuildFile; fileRef = 6777D6381AA6A9D4009E78DD /* UIScrollView+DXRefresh.m */; };
		6777D6461AA6A9D4009E78DD /* UIView+ViewKit.m in Sources */ = {isa = PBXBuildFile; fileRef = 6777D63A1AA6A9D4009E78DD /* UIView+ViewKit.m */; };
		6777D6471AA6A9D4009E78DD /* UIViewController+ControllerKit.m in Sources */ = {isa = PBXBuildFile; fileRef = 6777D63C1AA6A9D4009E78DD /* UIViewController+ControllerKit.m */; };
		6777D64A1AA6AAA9009E78DD /* FinanceViewController.m in Sources */ = {isa = PBXBuildFile; fileRef = 6777D6491AA6AAA9009E78DD /* FinanceViewController.m */; };
		67EF19E61AAB034600F97940 /* LBSectionView.m in Sources */ = {isa = PBXBuildFile; fileRef = 67EF19E51AAB034600F97940 /* LBSectionView.m */; };
		67EF19ED1AAB0FBA00F97940 /* HPLine.m in Sources */ = {isa = PBXBuildFile; fileRef = 67EF19EC1AAB0FBA00F97940 /* HPLine.m */; };
		67EF19F01AAB165500F97940 /* LBNavigationBar.m in Sources */ = {isa = PBXBuildFile; fileRef = 67EF19EF1AAB165500F97940 /* LBNavigationBar.m */; };
		67EF19F31AAB1A8E00F97940 /* UIColor+ColorKit.m in Sources */ = {isa = PBXBuildFile; fileRef = 67EF19F21AAB1A8E00F97940 /* UIColor+ColorKit.m */; };
		67EF19F61AAB3DF700F97940 /* SettingViewController.m in Sources */ = {isa = PBXBuildFile; fileRef = 67EF19F51AAB3DF700F97940 /* SettingViewController.m */; };
		67EF19FA1AAB43D400F97940 /* LBAppContext.m in Sources */ = {isa = PBXBuildFile; fileRef = 67EF19F91AAB43D400F97940 /* LBAppContext.m */; };
		67EF19FE1AAB484700F97940 /* HPPresentViewController.m in Sources */ = {isa = PBXBuildFile; fileRef = 67EF19FD1AAB484700F97940 /* HPPresentViewController.m */; };
		67EF1A011AAB4E4100F97940 /* HPPresentView.m in Sources */ = {isa = PBXBuildFile; fileRef = 67EF1A001AAB4E4100F97940 /* HPPresentView.m */; };
		67F7B6871AA2F3D00032A5FD /* main.m in Sources */ = {isa = PBXBuildFile; fileRef = 67F7B6861AA2F3D00032A5FD /* main.m */; };
		67F7B68A1AA2F3D00032A5FD /* AppDelegate.m in Sources */ = {isa = PBXBuildFile; fileRef = 67F7B6891AA2F3D00032A5FD /* AppDelegate.m */; };
		67F7B68D1AA2F3D00032A5FD /* LittleBook.xcdatamodeld in Sources */ = {isa = PBXBuildFile; fileRef = 67F7B68B1AA2F3D00032A5FD /* LittleBook.xcdatamodeld */; };
		67F7B6931AA2F3D00032A5FD /* Main.storyboard in Resources */ = {isa = PBXBuildFile; fileRef = 67F7B6911AA2F3D00032A5FD /* Main.storyboard */; };
		67F7B6951AA2F3D00032A5FD /* Images.xcassets in Resources */ = {isa = PBXBuildFile; fileRef = 67F7B6941AA2F3D00032A5FD /* Images.xcassets */; };
		67F7B6981AA2F3D00032A5FD /* LaunchScreen.xib in Resources */ = {isa = PBXBuildFile; fileRef = 67F7B6961AA2F3D00032A5FD /* LaunchScreen.xib */; };
		67F7B6A41AA2F3D00032A5FD /* LittleBookTests.m in Sources */ = {isa = PBXBuildFile; fileRef = 67F7B6A31AA2F3D00032A5FD /* LittleBookTests.m */; };
/* End PBXBuildFile section */

/* Begin PBXContainerItemProxy section */
		67F7B69E1AA2F3D00032A5FD /* PBXContainerItemProxy */ = {
			isa = PBXContainerItemProxy;
			containerPortal = 67F7B6791AA2F3D00032A5FD /* Project object */;
			proxyType = 1;
			remoteGlobalIDString = 67F7B6801AA2F3D00032A5FD;
			remoteInfo = LittleBook;
		};
/* End PBXContainerItemProxy section */

/* Begin PBXFileReference section */
		671E94451AA5EFCA00697DBD /* ViewController.h */ = {isa = PBXFileReference; fileEncoding = 4; lastKnownFileType = sourcecode.c.h; path = ViewController.h; sourceTree = "<group>"; };
		671E94461AA5EFCA00697DBD /* ViewController.m */ = {isa = PBXFileReference; fileEncoding = 4; lastKnownFileType = sourcecode.c.objc; path = ViewController.m; sourceTree = "<group>"; };
		671E94491AA5F5F500697DBD /* ReadViewController.h */ = {isa = PBXFileReference; fileEncoding = 4; lastKnownFileType = sourcecode.c.h; path = ReadViewController.h; sourceTree = "<group>"; };
		671E944A1AA5F5F500697DBD /* ReadViewController.m */ = {isa = PBXFileReference; fileEncoding = 4; lastKnownFileType = sourcecode.c.objc; path = ReadViewController.m; sourceTree = "<group>"; };
		675EAE8A1AA809FB00B13BD3 /* HPTouchImageView.h */ = {isa = PBXFileReference; fileEncoding = 4; lastKnownFileType = sourcecode.c.h; path = HPTouchImageView.h; sourceTree = "<group>"; };
		675EAE8B1AA809FB00B13BD3 /* HPTouchImageView.m */ = {isa = PBXFileReference; fileEncoding = 4; lastKnownFileType = sourcecode.c.objc; path = HPTouchImageView.m; sourceTree = "<group>"; };
		675EAE8D1AA80A0200B13BD3 /* DemoViewController.h */ = {isa = PBXFileReference; fileEncoding = 4; lastKnownFileType = sourcecode.c.h; path = DemoViewController.h; sourceTree = "<group>"; };
		675EAE8E1AA80A0200B13BD3 /* DemoViewController.m */ = {isa = PBXFileReference; fileEncoding = 4; lastKnownFileType = sourcecode.c.objc; path = DemoViewController.m; sourceTree = "<group>"; };
		6777D6161AA69EFE009E78DD /* HPTabBarItem.h */ = {isa = PBXFileReference; fileEncoding = 4; lastKnownFileType = sourcecode.c.h; path = HPTabBarItem.h; sourceTree = "<group>"; };
		6777D6171AA69EFE009E78DD /* HPTabBarItem.m */ = {isa = PBXFileReference; fileEncoding = 4; lastKnownFileType = sourcecode.c.objc; path = HPTabBarItem.m; sourceTree = "<group>"; };
		6777D61A1AA69EFE009E78DD /* HPTabBarChildController.h */ = {isa = PBXFileReference; fileEncoding = 4; lastKnownFileType = sourcecode.c.h; path = HPTabBarChildController.h; sourceTree = "<group>"; };
		6777D61B1AA69EFE009E78DD /* HPTabBarChildController.m */ = {isa = PBXFileReference; fileEncoding = 4; lastKnownFileType = sourcecode.c.objc; path = HPTabBarChildController.m; sourceTree = "<group>"; };
		6777D61C1AA69EFE009E78DD /* HPTarBarController.h */ = {isa = PBXFileReference; fileEncoding = 4; lastKnownFileType = sourcecode.c.h; path = HPTarBarController.h; sourceTree = "<group>"; };
		6777D61D1AA69EFE009E78DD /* HPTarBarController.m */ = {isa = PBXFileReference; fileEncoding = 4; lastKnownFileType = sourcecode.c.objc; path = HPTarBarController.m; sourceTree = "<group>"; };
		6777D6221AA6A8BB009E78DD /* OfficeViewController.h */ = {isa = PBXFileReference; fileEncoding = 4; lastKnownFileType = sourcecode.c.h; path = OfficeViewController.h; sourceTree = "<group>"; };
		6777D6231AA6A8BB009E78DD /* OfficeViewController.m */ = {isa = PBXFileReference; fileEncoding = 4; lastKnownFileType = sourcecode.c.objc; path = OfficeViewController.m; sourceTree = "<group>"; };
		6777D6261AA6A9D4009E78DD /* ExtensionKit.h */ = {isa = PBXFileReference; fileEncoding = 4; lastKnownFileType = sourcecode.c.h; path = ExtensionKit.h; sourceTree = "<group>"; };
		6777D6271AA6A9D4009E78DD /* NSArray+ArrayKit.h */ = {isa = PBXFileReference; fileEncoding = 4; lastKnownFileType = sourcecode.c.h; path = "NSArray+ArrayKit.h"; sourceTree = "<group>"; };
		6777D6281AA6A9D4009E78DD /* NSArray+ArrayKit.m */ = {isa = PBXFileReference; fileEncoding = 4; lastKnownFileType = sourcecode.c.objc; path = "NSArray+ArrayKit.m"; sourceTree = "<group>"; };
		6777D6291AA6A9D4009E78DD /* NSData+DataKit.h */ = {isa = PBXFileReference; fileEncoding = 4; lastKnownFileType = sourcecode.c.h; path = "NSData+DataKit.h"; sourceTree = "<group>"; };
		6777D62A1AA6A9D4009E78DD /* NSData+DataKit.m */ = {isa = PBXFileReference; fileEncoding = 4; lastKnownFileType = sourcecode.c.objc; path = "NSData+DataKit.m"; sourceTree = "<group>"; };
		6777D62B1AA6A9D4009E78DD /* NSDate+DateKit.h */ = {isa = PBXFileReference; fileEncoding = 4; lastKnownFileType = sourcecode.c.h; path = "NSDate+DateKit.h"; sourceTree = "<group>"; };
		6777D62C1AA6A9D4009E78DD /* NSDate+DateKit.m */ = {isa = PBXFileReference; fileEncoding = 4; lastKnownFileType = sourcecode.c.objc; path = "NSDate+DateKit.m"; sourceTree = "<group>"; };
		6777D62D1AA6A9D4009E78DD /* NSDictionary+DictionaryKit.h */ = {isa = PBXFileReference; fileEncoding = 4; lastKnownFileType = sourcecode.c.h; path = "NSDictionary+DictionaryKit.h"; sourceTree = "<group>"; };
		6777D62E1AA6A9D4009E78DD /* NSDictionary+DictionaryKit.m */ = {isa = PBXFileReference; fileEncoding = 4; lastKnownFileType = sourcecode.c.objc; path = "NSDictionary+DictionaryKit.m"; sourceTree = "<group>"; };
		6777D62F1AA6A9D4009E78DD /* NSString+NSHash.h */ = {isa = PBXFileReference; fileEncoding = 4; lastKnownFileType = sourcecode.c.h; path = "NSString+NSHash.h"; sourceTree = "<group>"; };
		6777D6301AA6A9D4009E78DD /* NSString+NSHash.m */ = {isa = PBXFileReference; fileEncoding = 4; lastKnownFileType = sourcecode.c.objc; path = "NSString+NSHash.m"; sourceTree = "<group>"; };
		6777D6311AA6A9D4009E78DD /* NSString+StringKit.h */ = {isa = PBXFileReference; fileEncoding = 4; lastKnownFileType = sourcecode.c.h; path = "NSString+StringKit.h"; sourceTree = "<group>"; };
		6777D6321AA6A9D4009E78DD /* NSString+StringKit.m */ = {isa = PBXFileReference; fileEncoding = 4; lastKnownFileType = sourcecode.c.objc; path = "NSString+StringKit.m"; sourceTree = "<group>"; };
		6777D6331AA6A9D4009E78DD /* UIImage+ImageKit.h */ = {isa = PBXFileReference; fileEncoding = 4; lastKnownFileType = sourcecode.c.h; path = "UIImage+ImageKit.h"; sourceTree = "<group>"; };
		6777D6341AA6A9D4009E78DD /* UIImage+ImageKit.m */ = {isa = PBXFileReference; fileEncoding = 4; lastKnownFileType = sourcecode.c.objc; path = "UIImage+ImageKit.m"; sourceTree = "<group>"; };
		6777D6351AA6A9D4009E78DD /* UIScreen+ScreenKit.h */ = {isa = PBXFileReference; fileEncoding = 4; lastKnownFileType = sourcecode.c.h; path = "UIScreen+ScreenKit.h"; sourceTree = "<group>"; };
		6777D6361AA6A9D4009E78DD /* UIScreen+ScreenKit.m */ = {isa = PBXFileReference; fileEncoding = 4; lastKnownFileType = sourcecode.c.objc; path = "UIScreen+ScreenKit.m"; sourceTree = "<group>"; };
		6777D6371AA6A9D4009E78DD /* UIScrollView+DXRefresh.h */ = {isa = PBXFileReference; fileEncoding = 4; lastKnownFileType = sourcecode.c.h; path = "UIScrollView+DXRefresh.h"; sourceTree = "<group>"; };
		6777D6381AA6A9D4009E78DD /* UIScrollView+DXRefresh.m */ = {isa = PBXFileReference; fileEncoding = 4; lastKnownFileType = sourcecode.c.objc; path = "UIScrollView+DXRefresh.m"; sourceTree = "<group>"; };
		6777D6391AA6A9D4009E78DD /* UIView+ViewKit.h */ = {isa = PBXFileReference; fileEncoding = 4; lastKnownFileType = sourcecode.c.h; path = "UIView+ViewKit.h"; sourceTree = "<group>"; };
		6777D63A1AA6A9D4009E78DD /* UIView+ViewKit.m */ = {isa = PBXFileReference; fileEncoding = 4; lastKnownFileType = sourcecode.c.objc; path = "UIView+ViewKit.m"; sourceTree = "<group>"; };
		6777D63B1AA6A9D4009E78DD /* UIViewController+ControllerKit.h */ = {isa = PBXFileReference; fileEncoding = 4; lastKnownFileType = sourcecode.c.h; path = "UIViewController+ControllerKit.h"; sourceTree = "<group>"; };
		6777D63C1AA6A9D4009E78DD /* UIViewController+ControllerKit.m */ = {isa = PBXFileReference; fileEncoding = 4; lastKnownFileType = sourcecode.c.objc; path = "UIViewController+ControllerKit.m"; sourceTree = "<group>"; };
		6777D6481AA6AAA9009E78DD /* FinanceViewController.h */ = {isa = PBXFileReference; fileEncoding = 4; lastKnownFileType = sourcecode.c.h; path = FinanceViewController.h; sourceTree = "<group>"; };
		6777D6491AA6AAA9009E78DD /* FinanceViewController.m */ = {isa = PBXFileReference; fileEncoding = 4; lastKnownFileType = sourcecode.c.objc; path = FinanceViewController.m; sourceTree = "<group>"; };
		67EF19E41AAB034600F97940 /* LBSectionView.h */ = {isa = PBXFileReference; fileEncoding = 4; lastKnownFileType = sourcecode.c.h; path = LBSectionView.h; sourceTree = "<group>"; };
		67EF19E51AAB034600F97940 /* LBSectionView.m */ = {isa = PBXFileReference; fileEncoding = 4; lastKnownFileType = sourcecode.c.objc; path = LBSectionView.m; sourceTree = "<group>"; };
		67EF19EB1AAB0FBA00F97940 /* HPLine.h */ = {isa = PBXFileReference; fileEncoding = 4; lastKnownFileType = sourcecode.c.h; path = HPLine.h; sourceTree = "<group>"; };
		67EF19EC1AAB0FBA00F97940 /* HPLine.m */ = {isa = PBXFileReference; fileEncoding = 4; lastKnownFileType = sourcecode.c.objc; path = HPLine.m; sourceTree = "<group>"; };
		67EF19EE1AAB165500F97940 /* LBNavigationBar.h */ = {isa = PBXFileReference; fileEncoding = 4; lastKnownFileType = sourcecode.c.h; path = LBNavigationBar.h; sourceTree = "<group>"; };
		67EF19EF1AAB165500F97940 /* LBNavigationBar.m */ = {isa = PBXFileReference; fileEncoding = 4; lastKnownFileType = sourcecode.c.objc; path = LBNavigationBar.m; sourceTree = "<group>"; };
		67EF19F11AAB1A8E00F97940 /* UIColor+ColorKit.h */ = {isa = PBXFileReference; fileEncoding = 4; lastKnownFileType = sourcecode.c.h; path = "UIColor+ColorKit.h"; sourceTree = "<group>"; };
		67EF19F21AAB1A8E00F97940 /* UIColor+ColorKit.m */ = {isa = PBXFileReference; fileEncoding = 4; lastKnownFileType = sourcecode.c.objc; path = "UIColor+ColorKit.m"; sourceTree = "<group>"; };
		67EF19F41AAB3DF700F97940 /* SettingViewController.h */ = {isa = PBXFileReference; fileEncoding = 4; lastKnownFileType = sourcecode.c.h; path = SettingViewController.h; sourceTree = "<group>"; };
		67EF19F51AAB3DF700F97940 /* SettingViewController.m */ = {isa = PBXFileReference; fileEncoding = 4; lastKnownFileType = sourcecode.c.objc; path = SettingViewController.m; sourceTree = "<group>"; };
		67EF19F81AAB43D400F97940 /* LBAppContext.h */ = {isa = PBXFileReference; fileEncoding = 4; lastKnownFileType = sourcecode.c.h; path = LBAppContext.h; sourceTree = "<group>"; };
		67EF19F91AAB43D400F97940 /* LBAppContext.m */ = {isa = PBXFileReference; fileEncoding = 4; lastKnownFileType = sourcecode.c.objc; path = LBAppContext.m; sourceTree = "<group>"; };
		67EF19FC1AAB484700F97940 /* HPPresentViewController.h */ = {isa = PBXFileReference; fileEncoding = 4; lastKnownFileType = sourcecode.c.h; path = HPPresentViewController.h; sourceTree = "<group>"; };
		67EF19FD1AAB484700F97940 /* HPPresentViewController.m */ = {isa = PBXFileReference; fileEncoding = 4; lastKnownFileType = sourcecode.c.objc; path = HPPresentViewController.m; sourceTree = "<group>"; };
		67EF19FF1AAB4E4100F97940 /* HPPresentView.h */ = {isa = PBXFileReference; fileEncoding = 4; lastKnownFileType = sourcecode.c.h; path = HPPresentView.h; sourceTree = "<group>"; };
		67EF1A001AAB4E4100F97940 /* HPPresentView.m */ = {isa = PBXFileReference; fileEncoding = 4; lastKnownFileType = sourcecode.c.objc; path = HPPresentView.m; sourceTree = "<group>"; };
		67F7B6811AA2F3D00032A5FD /* LittleBook.app */ = {isa = PBXFileReference; explicitFileType = wrapper.application; includeInIndex = 0; path = LittleBook.app; sourceTree = BUILT_PRODUCTS_DIR; };
		67F7B6851AA2F3D00032A5FD /* Info.plist */ = {isa = PBXFileReference; lastKnownFileType = text.plist.xml; path = Info.plist; sourceTree = "<group>"; };
		67F7B6861AA2F3D00032A5FD /* main.m */ = {isa = PBXFileReference; lastKnownFileType = sourcecode.c.objc; path = main.m; sourceTree = "<group>"; };
		67F7B6881AA2F3D00032A5FD /* AppDelegate.h */ = {isa = PBXFileReference; lastKnownFileType = sourcecode.c.h; path = AppDelegate.h; sourceTree = "<group>"; };
		67F7B6891AA2F3D00032A5FD /* AppDelegate.m */ = {isa = PBXFileReference; lastKnownFileType = sourcecode.c.objc; path = AppDelegate.m; sourceTree = "<group>"; };
		67F7B68C1AA2F3D00032A5FD /* LittleBook.xcdatamodel */ = {isa = PBXFileReference; lastKnownFileType = wrapper.xcdatamodel; path = LittleBook.xcdatamodel; sourceTree = "<group>"; };
		67F7B6921AA2F3D00032A5FD /* Base */ = {isa = PBXFileReference; lastKnownFileType = file.storyboard; name = Base; path = Base.lproj/Main.storyboard; sourceTree = "<group>"; };
		67F7B6941AA2F3D00032A5FD /* Images.xcassets */ = {isa = PBXFileReference; lastKnownFileType = folder.assetcatalog; path = Images.xcassets; sourceTree = "<group>"; };
		67F7B6971AA2F3D00032A5FD /* Base */ = {isa = PBXFileReference; lastKnownFileType = file.xib; name = Base; path = Base.lproj/LaunchScreen.xib; sourceTree = "<group>"; };
		67F7B69D1AA2F3D00032A5FD /* LittleBookTests.xctest */ = {isa = PBXFileReference; explicitFileType = wrapper.cfbundle; includeInIndex = 0; path = LittleBookTests.xctest; sourceTree = BUILT_PRODUCTS_DIR; };
		67F7B6A21AA2F3D00032A5FD /* Info.plist */ = {isa = PBXFileReference; lastKnownFileType = text.plist.xml; path = Info.plist; sourceTree = "<group>"; };
		67F7B6A31AA2F3D00032A5FD /* LittleBookTests.m */ = {isa = PBXFileReference; lastKnownFileType = sourcecode.c.objc; path = LittleBookTests.m; sourceTree = "<group>"; };
/* End PBXFileReference section */

/* Begin PBXFrameworksBuildPhase section */
		67F7B67E1AA2F3D00032A5FD /* Frameworks */ = {
			isa = PBXFrameworksBuildPhase;
			buildActionMask = 2147483647;
			files = (
			);
			runOnlyForDeploymentPostprocessing = 0;
		};
		67F7B69A1AA2F3D00032A5FD /* Frameworks */ = {
			isa = PBXFrameworksBuildPhase;
			buildActionMask = 2147483647;
			files = (
			);
			runOnlyForDeploymentPostprocessing = 0;
		};
/* End PBXFrameworksBuildPhase section */

/* Begin PBXGroup section */
		671E942D1AA5E12000697DBD /* HPKit */ = {
			isa = PBXGroup;
			children = (
				67EF19EA1AAB0FBA00F97940 /* HPLineView */,
				675EAE891AA809DD00B13BD3 /* HPTextView */,
				6777D6151AA69EFE009E78DD /* HPTabBarController */,
				67EF19FB1AAB483400F97940 /* HPPresentController */,
			);
			path = HPKit;
			sourceTree = "<group>";
		};
		671E942E1AA5E12000697DBD /* HPUtils */ = {
			isa = PBXGroup;
			children = (
				6777D6251AA6A9D4009E78DD /* ExtensionKit */,
			);
			path = HPUtils;
			sourceTree = "<group>";
		};
		671E94421AA5EFCA00697DBD /* ViewControllers */ = {
			isa = PBXGroup;
			children = (
				671E94451AA5EFCA00697DBD /* ViewController.h */,
				671E94461AA5EFCA00697DBD /* ViewController.m */,
				6777D6221AA6A8BB009E78DD /* OfficeViewController.h */,
				6777D6231AA6A8BB009E78DD /* OfficeViewController.m */,
				671E94491AA5F5F500697DBD /* ReadViewController.h */,
				671E944A1AA5F5F500697DBD /* ReadViewController.m */,
				6777D6481AA6AAA9009E78DD /* FinanceViewController.h */,
				6777D6491AA6AAA9009E78DD /* FinanceViewController.m */,
				67EF19F41AAB3DF700F97940 /* SettingViewController.h */,
				67EF19F51AAB3DF700F97940 /* SettingViewController.m */,
			);
			path = ViewControllers;
			sourceTree = "<group>";
		};
		675EAE891AA809DD00B13BD3 /* HPTextView */ = {
			isa = PBXGroup;
			children = (
				675EAE8A1AA809FB00B13BD3 /* HPTouchImageView.h */,
				675EAE8B1AA809FB00B13BD3 /* HPTouchImageView.m */,
				675EAE8D1AA80A0200B13BD3 /* DemoViewController.h */,
				675EAE8E1AA80A0200B13BD3 /* DemoViewController.m */,
			);
			path = HPTextView;
			sourceTree = "<group>";
		};
		6777D6151AA69EFE009E78DD /* HPTabBarController */ = {
			isa = PBXGroup;
			children = (
				6777D6161AA69EFE009E78DD /* HPTabBarItem.h */,
				6777D6171AA69EFE009E78DD /* HPTabBarItem.m */,
				6777D61C1AA69EFE009E78DD /* HPTarBarController.h */,
				6777D61D1AA69EFE009E78DD /* HPTarBarController.m */,
				6777D61A1AA69EFE009E78DD /* HPTabBarChildController.h */,
				6777D61B1AA69EFE009E78DD /* HPTabBarChildController.m */,
			);
			path = HPTabBarController;
			sourceTree = "<group>";
		};
		6777D6251AA6A9D4009E78DD /* ExtensionKit */ = {
			isa = PBXGroup;
			children = (
				6777D6261AA6A9D4009E78DD /* ExtensionKit.h */,
				67EF19F11AAB1A8E00F97940 /* UIColor+ColorKit.h */,
				67EF19F21AAB1A8E00F97940 /* UIColor+ColorKit.m */,
				6777D6271AA6A9D4009E78DD /* NSArray+ArrayKit.h */,
				6777D6281AA6A9D4009E78DD /* NSArray+ArrayKit.m */,
				6777D6291AA6A9D4009E78DD /* NSData+DataKit.h */,
				6777D62A1AA6A9D4009E78DD /* NSData+DataKit.m */,
				6777D62B1AA6A9D4009E78DD /* NSDate+DateKit.h */,
				6777D62C1AA6A9D4009E78DD /* NSDate+DateKit.m */,
				6777D62D1AA6A9D4009E78DD /* NSDictionary+DictionaryKit.h */,
				6777D62E1AA6A9D4009E78DD /* NSDictionary+DictionaryKit.m */,
				6777D62F1AA6A9D4009E78DD /* NSString+NSHash.h */,
				6777D6301AA6A9D4009E78DD /* NSString+NSHash.m */,
				6777D6311AA6A9D4009E78DD /* NSString+StringKit.h */,
				6777D6321AA6A9D4009E78DD /* NSString+StringKit.m */,
				6777D6331AA6A9D4009E78DD /* UIImage+ImageKit.h */,
				6777D6341AA6A9D4009E78DD /* UIImage+ImageKit.m */,
				6777D6351AA6A9D4009E78DD /* UIScreen+ScreenKit.h */,
				6777D6361AA6A9D4009E78DD /* UIScreen+ScreenKit.m */,
				6777D6371AA6A9D4009E78DD /* UIScrollView+DXRefresh.h */,
				6777D6381AA6A9D4009E78DD /* UIScrollView+DXRefresh.m */,
				6777D6391AA6A9D4009E78DD /* UIView+ViewKit.h */,
				6777D63A1AA6A9D4009E78DD /* UIView+ViewKit.m */,
				6777D63B1AA6A9D4009E78DD /* UIViewController+ControllerKit.h */,
				6777D63C1AA6A9D4009E78DD /* UIViewController+ControllerKit.m */,
			);
			path = ExtensionKit;
			sourceTree = "<group>";
		};
		67EF19E31AAB02C200F97940 /* Views */ = {
			isa = PBXGroup;
			children = (
				67EF19E41AAB034600F97940 /* LBSectionView.h */,
				67EF19E51AAB034600F97940 /* LBSectionView.m */,
				67EF19EE1AAB165500F97940 /* LBNavigationBar.h */,
				67EF19EF1AAB165500F97940 /* LBNavigationBar.m */,
			);
			path = Views;
			sourceTree = "<group>";
		};
		67EF19EA1AAB0FBA00F97940 /* HPLineView */ = {
			isa = PBXGroup;
			children = (
				67EF19EB1AAB0FBA00F97940 /* HPLine.h */,
				67EF19EC1AAB0FBA00F97940 /* HPLine.m */,
			);
			path = HPLineView;
			sourceTree = "<group>";
		};
		67EF19F71AAB43B800F97940 /* Context */ = {
			isa = PBXGroup;
			children = (
				67EF19F81AAB43D400F97940 /* LBAppContext.h */,
				67EF19F91AAB43D400F97940 /* LBAppContext.m */,
			);
			path = Context;
			sourceTree = "<group>";
		};
		67EF19FB1AAB483400F97940 /* HPPresentController */ = {
			isa = PBXGroup;
			children = (
				67EF19FC1AAB484700F97940 /* HPPresentViewController.h */,
				67EF19FD1AAB484700F97940 /* HPPresentViewController.m */,
				67EF19FF1AAB4E4100F97940 /* HPPresentView.h */,
				67EF1A001AAB4E4100F97940 /* HPPresentView.m */,
			);
			path = HPPresentController;
			sourceTree = "<group>";
		};
		67F7B6781AA2F3D00032A5FD = {
			isa = PBXGroup;
			children = (
				67F7B6831AA2F3D00032A5FD /* LittleBook */,
				67F7B6A01AA2F3D00032A5FD /* LittleBookTests */,
				67F7B6821AA2F3D00032A5FD /* Products */,
			);
			sourceTree = "<group>";
		};
		67F7B6821AA2F3D00032A5FD /* Products */ = {
			isa = PBXGroup;
			children = (
				67F7B6811AA2F3D00032A5FD /* LittleBook.app */,
				67F7B69D1AA2F3D00032A5FD /* LittleBookTests.xctest */,
			);
			name = Products;
			sourceTree = "<group>";
		};
		67F7B6831AA2F3D00032A5FD /* LittleBook */ = {
			isa = PBXGroup;
			children = (
				67EF19F71AAB43B800F97940 /* Context */,
				67EF19E31AAB02C200F97940 /* Views */,
				671E94421AA5EFCA00697DBD /* ViewControllers */,
				671E942D1AA5E12000697DBD /* HPKit */,
				671E942E1AA5E12000697DBD /* HPUtils */,
				67F7B6881AA2F3D00032A5FD /* AppDelegate.h */,
				67F7B6891AA2F3D00032A5FD /* AppDelegate.m */,
				67F7B6911AA2F3D00032A5FD /* Main.storyboard */,
				67F7B6941AA2F3D00032A5FD /* Images.xcassets */,
				67F7B6961AA2F3D00032A5FD /* LaunchScreen.xib */,
				67F7B68B1AA2F3D00032A5FD /* LittleBook.xcdatamodeld */,
				67F7B6841AA2F3D00032A5FD /* Supporting Files */,
			);
			path = LittleBook;
			sourceTree = "<group>";
		};
		67F7B6841AA2F3D00032A5FD /* Supporting Files */ = {
			isa = PBXGroup;
			children = (
				67F7B6851AA2F3D00032A5FD /* Info.plist */,
				67F7B6861AA2F3D00032A5FD /* main.m */,
			);
			name = "Supporting Files";
			sourceTree = "<group>";
		};
		67F7B6A01AA2F3D00032A5FD /* LittleBookTests */ = {
			isa = PBXGroup;
			children = (
				67F7B6A31AA2F3D00032A5FD /* LittleBookTests.m */,
				67F7B6A11AA2F3D00032A5FD /* Supporting Files */,
			);
			path = LittleBookTests;
			sourceTree = "<group>";
		};
		67F7B6A11AA2F3D00032A5FD /* Supporting Files */ = {
			isa = PBXGroup;
			children = (
				67F7B6A21AA2F3D00032A5FD /* Info.plist */,
			);
			name = "Supporting Files";
			sourceTree = "<group>";
		};
/* End PBXGroup section */

/* Begin PBXNativeTarget section */
		67F7B6801AA2F3D00032A5FD /* LittleBook */ = {
			isa = PBXNativeTarget;
			buildConfigurationList = 67F7B6A71AA2F3D00032A5FD /* Build configuration list for PBXNativeTarget "LittleBook" */;
			buildPhases = (
				67F7B67D1AA2F3D00032A5FD /* Sources */,
				67F7B67E1AA2F3D00032A5FD /* Frameworks */,
				67F7B67F1AA2F3D00032A5FD /* Resources */,
			);
			buildRules = (
			);
			dependencies = (
			);
			name = LittleBook;
			productName = LittleBook;
			productReference = 67F7B6811AA2F3D00032A5FD /* LittleBook.app */;
			productType = "com.apple.product-type.application";
		};
		67F7B69C1AA2F3D00032A5FD /* LittleBookTests */ = {
			isa = PBXNativeTarget;
			buildConfigurationList = 67F7B6AA1AA2F3D00032A5FD /* Build configuration list for PBXNativeTarget "LittleBookTests" */;
			buildPhases = (
				67F7B6991AA2F3D00032A5FD /* Sources */,
				67F7B69A1AA2F3D00032A5FD /* Frameworks */,
				67F7B69B1AA2F3D00032A5FD /* Resources */,
			);
			buildRules = (
			);
			dependencies = (
				67F7B69F1AA2F3D00032A5FD /* PBXTargetDependency */,
			);
			name = LittleBookTests;
			productName = LittleBookTests;
			productReference = 67F7B69D1AA2F3D00032A5FD /* LittleBookTests.xctest */;
			productType = "com.apple.product-type.bundle.unit-test";
		};
/* End PBXNativeTarget section */

/* Begin PBXProject section */
		67F7B6791AA2F3D00032A5FD /* Project object */ = {
			isa = PBXProject;
			attributes = {
				LastUpgradeCheck = 0610;
				ORGANIZATIONNAME = hupeng;
				TargetAttributes = {
					67F7B6801AA2F3D00032A5FD = {
						CreatedOnToolsVersion = 6.1;
					};
					67F7B69C1AA2F3D00032A5FD = {
						CreatedOnToolsVersion = 6.1;
						TestTargetID = 67F7B6801AA2F3D00032A5FD;
					};
				};
			};
			buildConfigurationList = 67F7B67C1AA2F3D00032A5FD /* Build configuration list for PBXProject "LittleBook" */;
			compatibilityVersion = "Xcode 3.2";
			developmentRegion = English;
			hasScannedForEncodings = 0;
			knownRegions = (
				en,
				Base,
			);
			mainGroup = 67F7B6781AA2F3D00032A5FD;
			productRefGroup = 67F7B6821AA2F3D00032A5FD /* Products */;
			projectDirPath = "";
			projectRoot = "";
			targets = (
				67F7B6801AA2F3D00032A5FD /* LittleBook */,
				67F7B69C1AA2F3D00032A5FD /* LittleBookTests */,
			);
		};
/* End PBXProject section */

/* Begin PBXResourcesBuildPhase section */
		67F7B67F1AA2F3D00032A5FD /* Resources */ = {
			isa = PBXResourcesBuildPhase;
			buildActionMask = 2147483647;
			files = (
				67F7B6931AA2F3D00032A5FD /* Main.storyboard in Resources */,
				67F7B6981AA2F3D00032A5FD /* LaunchScreen.xib in Resources */,
				67F7B6951AA2F3D00032A5FD /* Images.xcassets in Resources */,
			);
			runOnlyForDeploymentPostprocessing = 0;
		};
		67F7B69B1AA2F3D00032A5FD /* Resources */ = {
			isa = PBXResourcesBuildPhase;
			buildActionMask = 2147483647;
			files = (
			);
			runOnlyForDeploymentPostprocessing = 0;
		};
/* End PBXResourcesBuildPhase section */

/* Begin PBXSourcesBuildPhase section */
		67F7B67D1AA2F3D00032A5FD /* Sources */ = {
			isa = PBXSourcesBuildPhase;
			buildActionMask = 2147483647;
			files = (
				6777D64A1AA6AAA9009E78DD /* FinanceViewController.m in Sources */,
				671E944B1AA5F5F500697DBD /* ReadViewController.m in Sources */,
				6777D6421AA6A9D4009E78DD /* NSString+StringKit.m in Sources */,
				67EF19F61AAB3DF700F97940 /* SettingViewController.m in Sources */,
				6777D6471AA6A9D4009E78DD /* UIViewController+ControllerKit.m in Sources */,
				675EAE8C1AA809FB00B13BD3 /* HPTouchImageView.m in Sources */,
				67EF19ED1AAB0FBA00F97940 /* HPLine.m in Sources */,
				6777D6461AA6A9D4009E78DD /* UIView+ViewKit.m in Sources */,
				6777D61E1AA69EFE009E78DD /* HPTabBarItem.m in Sources */,
				6777D6401AA6A9D4009E78DD /* NSDictionary+DictionaryKit.m in Sources */,
				67EF19E61AAB034600F97940 /* LBSectionView.m in Sources */,
				6777D6431AA6A9D4009E78DD /* UIImage+ImageKit.m in Sources */,
				67EF19FE1AAB484700F97940 /* HPPresentViewController.m in Sources */,
				67EF19F01AAB165500F97940 /* LBNavigationBar.m in Sources */,
				67F7B68A1AA2F3D00032A5FD /* AppDelegate.m in Sources */,
				6777D6201AA69EFE009E78DD /* HPTabBarChildController.m in Sources */,
				6777D6211AA69EFE009E78DD /* HPTarBarController.m in Sources */,
				67F7B68D1AA2F3D00032A5FD /* LittleBook.xcdatamodeld in Sources */,
				671E94481AA5EFCA00697DBD /* ViewController.m in Sources */,
				67F7B6871AA2F3D00032A5FD /* main.m in Sources */,
				6777D6241AA6A8BB009E78DD /* OfficeViewController.m in Sources */,
				67EF1A011AAB4E4100F97940 /* HPPresentView.m in Sources */,
				6777D63E1AA6A9D4009E78DD /* NSData+DataKit.m in Sources */,
				6777D6441AA6A9D4009E78DD /* UIScreen+ScreenKit.m in Sources */,
				6777D63D1AA6A9D4009E78DD /* NSArray+ArrayKit.m in Sources */,
				6777D6411AA6A9D4009E78DD /* NSString+NSHash.m in Sources */,
				675EAE8F1AA80A0200B13BD3 /* DemoViewController.m in Sources */,
				67EF19F31AAB1A8E00F97940 /* UIColor+ColorKit.m in Sources */,
				67EF19FA1AAB43D400F97940 /* LBAppContext.m in Sources */,
				6777D63F1AA6A9D4009E78DD /* NSDate+DateKit.m in Sources */,
				6777D6451AA6A9D4009E78DD /* UIScrollView+DXRefresh.m in Sources */,
			);
			runOnlyForDeploymentPostprocessing = 0;
		};
		67F7B6991AA2F3D00032A5FD /* Sources */ = {
			isa = PBXSourcesBuildPhase;
			buildActionMask = 2147483647;
			files = (
				67F7B6A41AA2F3D00032A5FD /* LittleBookTests.m in Sources */,
			);
			runOnlyForDeploymentPostprocessing = 0;
		};
/* End PBXSourcesBuildPhase section */

/* Begin PBXTargetDependency section */
		67F7B69F1AA2F3D00032A5FD /* PBXTargetDependency */ = {
			isa = PBXTargetDependency;
			target = 67F7B6801AA2F3D00032A5FD /* LittleBook */;
			targetProxy = 67F7B69E1AA2F3D00032A5FD /* PBXContainerItemProxy */;
		};
/* End PBXTargetDependency section */

/* Begin PBXVariantGroup section */
		67F7B6911AA2F3D00032A5FD /* Main.storyboard */ = {
			isa = PBXVariantGroup;
			children = (
				67F7B6921AA2F3D00032A5FD /* Base */,
			);
			name = Main.storyboard;
			sourceTree = "<group>";
		};
		67F7B6961AA2F3D00032A5FD /* LaunchScreen.xib */ = {
			isa = PBXVariantGroup;
			children = (
				67F7B6971AA2F3D00032A5FD /* Base */,
			);
			name = LaunchScreen.xib;
			sourceTree = "<group>";
		};
/* End PBXVariantGroup section */

/* Begin XCBuildConfiguration section */
		67F7B6A51AA2F3D00032A5FD /* Debug */ = {
			isa = XCBuildConfiguration;
			buildSettings = {
				ALWAYS_SEARCH_USER_PATHS = NO;
				CLANG_CXX_LANGUAGE_STANDARD = "gnu++0x";
				CLANG_CXX_LIBRARY = "libc++";
				CLANG_ENABLE_MODULES = YES;
				CLANG_ENABLE_OBJC_ARC = YES;
				CLANG_WARN_BOOL_CONVERSION = YES;
				CLANG_WARN_CONSTANT_CONVERSION = YES;
				CLANG_WARN_DIRECT_OBJC_ISA_USAGE = YES_ERROR;
				CLANG_WARN_EMPTY_BODY = YES;
				CLANG_WARN_ENUM_CONVERSION = YES;
				CLANG_WARN_INT_CONVERSION = YES;
				CLANG_WARN_OBJC_ROOT_CLASS = YES_ERROR;
				CLANG_WARN_UNREACHABLE_CODE = YES;
				CLANG_WARN__DUPLICATE_METHOD_MATCH = YES;
				"CODE_SIGN_IDENTITY[sdk=iphoneos*]" = "iPhone Developer";
				COPY_PHASE_STRIP = NO;
				ENABLE_STRICT_OBJC_MSGSEND = YES;
				GCC_C_LANGUAGE_STANDARD = gnu99;
				GCC_DYNAMIC_NO_PIC = NO;
				GCC_OPTIMIZATION_LEVEL = 0;
				GCC_PREPROCESSOR_DEFINITIONS = (
					"DEBUG=1",
					"$(inherited)",
				);
				GCC_SYMBOLS_PRIVATE_EXTERN = NO;
				GCC_WARN_64_TO_32_BIT_CONVERSION = YES;
				GCC_WARN_ABOUT_RETURN_TYPE = YES_ERROR;
				GCC_WARN_UNDECLARED_SELECTOR = YES;
				GCC_WARN_UNINITIALIZED_AUTOS = YES_AGGRESSIVE;
				GCC_WARN_UNUSED_FUNCTION = YES;
				GCC_WARN_UNUSED_VARIABLE = YES;
				IPHONEOS_DEPLOYMENT_TARGET = 8.1;
				MTL_ENABLE_DEBUG_INFO = YES;
				ONLY_ACTIVE_ARCH = YES;
				SDKROOT = iphoneos;
			};
			name = Debug;
		};
		67F7B6A61AA2F3D00032A5FD /* Release */ = {
			isa = XCBuildConfiguration;
			buildSettings = {
				ALWAYS_SEARCH_USER_PATHS = NO;
				CLANG_CXX_LANGUAGE_STANDARD = "gnu++0x";
				CLANG_CXX_LIBRARY = "libc++";
				CLANG_ENABLE_MODULES = YES;
				CLANG_ENABLE_OBJC_ARC = YES;
				CLANG_WARN_BOOL_CONVERSION = YES;
				CLANG_WARN_CONSTANT_CONVERSION = YES;
				CLANG_WARN_DIRECT_OBJC_ISA_USAGE = YES_ERROR;
				CLANG_WARN_EMPTY_BODY = YES;
				CLANG_WARN_ENUM_CONVERSION = YES;
				CLANG_WARN_INT_CONVERSION = YES;
				CLANG_WARN_OBJC_ROOT_CLASS = YES_ERROR;
				CLANG_WARN_UNREACHABLE_CODE = YES;
				CLANG_WARN__DUPLICATE_METHOD_MATCH = YES;
				"CODE_SIGN_IDENTITY[sdk=iphoneos*]" = "iPhone Developer";
				COPY_PHASE_STRIP = YES;
				ENABLE_NS_ASSERTIONS = NO;
				ENABLE_STRICT_OBJC_MSGSEND = YES;
				GCC_C_LANGUAGE_STANDARD = gnu99;
				GCC_WARN_64_TO_32_BIT_CONVERSION = YES;
				GCC_WARN_ABOUT_RETURN_TYPE = YES_ERROR;
				GCC_WARN_UNDECLARED_SELECTOR = YES;
				GCC_WARN_UNINITIALIZED_AUTOS = YES_AGGRESSIVE;
				GCC_WARN_UNUSED_FUNCTION = YES;
				GCC_WARN_UNUSED_VARIABLE = YES;
				IPHONEOS_DEPLOYMENT_TARGET = 8.1;
				MTL_ENABLE_DEBUG_INFO = NO;
				SDKROOT = iphoneos;
				VALIDATE_PRODUCT = YES;
			};
			name = Release;
		};
		67F7B6A81AA2F3D00032A5FD /* Debug */ = {
			isa = XCBuildConfiguration;
			buildSettings = {
				ASSETCATALOG_COMPILER_APPICON_NAME = AppIcon;
				INFOPLIST_FILE = LittleBook/Info.plist;
				LD_RUNPATH_SEARCH_PATHS = "$(inherited) @executable_path/Frameworks";
				PRODUCT_NAME = "$(TARGET_NAME)";
			};
			name = Debug;
		};
		67F7B6A91AA2F3D00032A5FD /* Release */ = {
			isa = XCBuildConfiguration;
			buildSettings = {
				ASSETCATALOG_COMPILER_APPICON_NAME = AppIcon;
				INFOPLIST_FILE = LittleBook/Info.plist;
				LD_RUNPATH_SEARCH_PATHS = "$(inherited) @executable_path/Frameworks";
				PRODUCT_NAME = "$(TARGET_NAME)";
			};
			name = Release;
		};
		67F7B6AB1AA2F3D00032A5FD /* Debug */ = {
			isa = XCBuildConfiguration;
			buildSettings = {
				BUNDLE_LOADER = "$(TEST_HOST)";
				FRAMEWORK_SEARCH_PATHS = (
					"$(SDKROOT)/Developer/Library/Frameworks",
					"$(inherited)",
				);
				GCC_PREPROCESSOR_DEFINITIONS = (
					"DEBUG=1",
					"$(inherited)",
				);
				INFOPLIST_FILE = LittleBookTests/Info.plist;
				LD_RUNPATH_SEARCH_PATHS = "$(inherited) @executable_path/Frameworks @loader_path/Frameworks";
				PRODUCT_NAME = "$(TARGET_NAME)";
				TEST_HOST = "$(BUILT_PRODUCTS_DIR)/LittleBook.app/LittleBook";
			};
			name = Debug;
		};
		67F7B6AC1AA2F3D00032A5FD /* Release */ = {
			isa = XCBuildConfiguration;
			buildSettings = {
				BUNDLE_LOADER = "$(TEST_HOST)";
				FRAMEWORK_SEARCH_PATHS = (
					"$(SDKROOT)/Developer/Library/Frameworks",
					"$(inherited)",
				);
				INFOPLIST_FILE = LittleBookTests/Info.plist;
				LD_RUNPATH_SEARCH_PATHS = "$(inherited) @executable_path/Frameworks @loader_path/Frameworks";
				PRODUCT_NAME = "$(TARGET_NAME)";
				TEST_HOST = "$(BUILT_PRODUCTS_DIR)/LittleBook.app/LittleBook";
			};
			name = Release;
		};
/* End XCBuildConfiguration section */

/* Begin XCConfigurationList section */
		67F7B67C1AA2F3D00032A5FD /* Build configuration list for PBXProject "LittleBook" */ = {
			isa = XCConfigurationList;
			buildConfigurations = (
				67F7B6A51AA2F3D00032A5FD /* Debug */,
				67F7B6A61AA2F3D00032A5FD /* Release */,
			);
			defaultConfigurationIsVisible = 0;
			defaultConfigurationName = Release;
		};
		67F7B6A71AA2F3D00032A5FD /* Build configuration list for PBXNativeTarget "LittleBook" */ = {
			isa = XCConfigurationList;
			buildConfigurations = (
				67F7B6A81AA2F3D00032A5FD /* Debug */,
				67F7B6A91AA2F3D00032A5FD /* Release */,
			);
			defaultConfigurationIsVisible = 0;
			defaultConfigurationName = Release;
		};
		67F7B6AA1AA2F3D00032A5FD /* Build configuration list for PBXNativeTarget "LittleBookTests" */ = {
			isa = XCConfigurationList;
			buildConfigurations = (
				67F7B6AB1AA2F3D00032A5FD /* Debug */,
				67F7B6AC1AA2F3D00032A5FD /* Release */,
			);
			defaultConfigurationIsVisible = 0;
			defaultConfigurationName = Release;
		};
/* End XCConfigurationList section */

/* Begin XCVersionGroup section */
		67F7B68B1AA2F3D00032A5FD /* LittleBook.xcdatamodeld */ = {
			isa = XCVersionGroup;
			children = (
				67F7B68C1AA2F3D00032A5FD /* LittleBook.xcdatamodel */,
			);
			currentVersion = 67F7B68C1AA2F3D00032A5FD /* LittleBook.xcdatamodel */;
			path = LittleBook.xcdatamodeld;
			sourceTree = "<group>";
			versionGroupType = wrapper.xcdatamodel;
		};
/* End XCVersionGroup section */
	};
	rootObject = 67F7B6791AA2F3D00032A5FD /* Project object */;
}
